
Microsoft Visual Studio Solution File, Format Version 12.00
# Visual Studio Version 16
VisualStudioVersion = 16.0.32802.440
MinimumVisualStudioVersion = 10.0.40219.1
Project("{8BC9CEB8-8B4A-11D0-8D11-00A0C91BC942}") = "ColorText", "ColorText.vcxproj", "{1AB0EDB3-E0F6-4930-A14B-5D76663963B8}"
EndProject
Global
	GlobalSection(SolutionConfigurationPlatforms) = preSolution
		Debug|x86 = Debug|x86
		Release|x86 = Release|x86
	EndGlobalSection
	GlobalSection(ProjectConfigurationPlatforms) = postSolution
		{1AB0EDB3-E0F6-4930-A14B-5D76663963B8}.Debug|x86.ActiveCfg = Debug|Win32
		{1AB0EDB3-E0F6-4930-A14B-5D76663963B8}.Debug|x86.Build.0 = Debug|Win32
		{1AB0EDB3-E0F6-4930-A14B-5D76663963B8}.Release|x86.ActiveCfg = Release|Win32
		{1AB0EDB3-E0F6-4930-A14B-5D76663963B8}.Release|x86.Build.0 = Release|Win32
	EndGlobalSection
	GlobalSection(SolutionProperties) = preSolution
		HideSolutionNode = FALSE
	EndGlobalSection
	GlobalSection(ExtensibilityGlobals) = postSolution
		SolutionGuid = {39894F3E-E849-4C23-915E-39814B3E2CB5}
	EndGlobalSection
EndGlobal
