
Microsoft Visual Studio Solution File, Format Version 12.00
# Visual Studio Version 16
VisualStudioVersion = 16.0.32802.440
MinimumVisualStudioVersion = 10.0.40219.1
Project("{8BC9CEB8-8B4A-11D0-8D11-00A0C91BC942}") = "Colors", "Colors.vcxproj", "{E617BF12-C47F-4AF6-80FE-E5957977CBEF}"
EndProject
Global
	GlobalSection(SolutionConfigurationPlatforms) = preSolution
		Debug|x86 = Debug|x86
		Release|x86 = Release|x86
	EndGlobalSection
	GlobalSection(ProjectConfigurationPlatforms) = postSolution
		{E617BF12-C47F-4AF6-80FE-E5957977CBEF}.Debug|x86.ActiveCfg = Debug|Win32
		{E617BF12-C47F-4AF6-80FE-E5957977CBEF}.Debug|x86.Build.0 = Debug|Win32
		{E617BF12-C47F-4AF6-80FE-E5957977CBEF}.Release|x86.ActiveCfg = Release|Win32
		{E617BF12-C47F-4AF6-80FE-E5957977CBEF}.Release|x86.Build.0 = Release|Win32
	EndGlobalSection
	GlobalSection(SolutionProperties) = preSolution
		HideSolutionNode = FALSE
	EndGlobalSection
	GlobalSection(ExtensibilityGlobals) = postSolution
		SolutionGuid = {9D59EF1D-75F2-4277-995E-F9CD09361CC5}
	EndGlobalSection
EndGlobal
